
Microsoft Visual Studio Solution File, Format Version 12.00
# Visual Studio 15
Project("{FAE04EC0-301F-11D3-BF4B-00C04F79EFBC}") = "Assembly-CSharp", "Assembly-CSharp.csproj", "{C2091AD8-3776-BC7A-F4D4-D83353F43729}"
EndProject
Project("{FAE04EC0-301F-11D3-BF4B-00C04F79EFBC}") = "FMODUnityEditor", "FMODUnityEditor.csproj", "{95B8DD0B-106B-F54F-C8FC-1C11C71CBCF8}"
EndProject
Project("{FAE04EC0-301F-11D3-BF4B-00C04F79EFBC}") = "Gentleland.SteampunkUI.DemoAndExample", "Gentleland.SteampunkUI.DemoAndExample.csproj", "{D6B67BAD-09B0-1A18-413B-26676FF1F797}"
EndProject
Project("{FAE04EC0-301F-11D3-BF4B-00C04F79EFBC}") = "FMODUnity", "FMODUnity.csproj", "{4DF1277D-2EB5-36CA-FF96-987AF23497A6}"
EndProject
Project("{FAE04EC0-301F-11D3-BF4B-00C04F79EFBC}") = "FMODUnityResonance", "FMODUnityResonance.csproj", "{42CCFCF5-A8D9-4798-0A51-B9E9DE1B2D49}"
EndProject
Project("{FAE04EC0-301F-11D3-BF4B-00C04F79EFBC}") = "Gentleland.Utils.SteampunkUI", "Gentleland.Utils.SteampunkUI.csproj", "{EFC6BDBE-DC0E-853C-C0D5-7209D2FD0660}"
EndProject
Project("{FAE04EC0-301F-11D3-BF4B-00C04F79EFBC}") = "FMODUnityResonanceEditor", "FMODUnityResonanceEditor.csproj", "{48C4FFE6-23DD-AC30-5F81-149CEECD1734}"
EndProject
Global
	GlobalSection(SolutionConfigurationPlatforms) = preSolution
		Debug|Any CPU = Debug|Any CPU
		Release|Any CPU = Release|Any CPU
	EndGlobalSection
	GlobalSection(ProjectConfigurationPlatforms) = postSolution
		{C2091AD8-3776-BC7A-F4D4-D83353F43729}.Debug|Any CPU.ActiveCfg = Debug|Any CPU
		{C2091AD8-3776-BC7A-F4D4-D83353F43729}.Debug|Any CPU.Build.0 = Debug|Any CPU
		{C2091AD8-3776-BC7A-F4D4-D83353F43729}.Release|Any CPU.ActiveCfg = Release|Any CPU
		{C2091AD8-3776-BC7A-F4D4-D83353F43729}.Release|Any CPU.Build.0 = Release|Any CPU
		{95B8DD0B-106B-F54F-C8FC-1C11C71CBCF8}.Debug|Any CPU.ActiveCfg = Debug|Any CPU
		{95B8DD0B-106B-F54F-C8FC-1C11C71CBCF8}.Debug|Any CPU.Build.0 = Debug|Any CPU
		{95B8DD0B-106B-F54F-C8FC-1C11C71CBCF8}.Release|Any CPU.ActiveCfg = Release|Any CPU
		{95B8DD0B-106B-F54F-C8FC-1C11C71CBCF8}.Release|Any CPU.Build.0 = Release|Any CPU
		{D6B67BAD-09B0-1A18-413B-26676FF1F797}.Debug|Any CPU.ActiveCfg = Debug|Any CPU
		{D6B67BAD-09B0-1A18-413B-26676FF1F797}.Debug|Any CPU.Build.0 = Debug|Any CPU
		{D6B67BAD-09B0-1A18-413B-26676FF1F797}.Release|Any CPU.ActiveCfg = Release|Any CPU
		{D6B67BAD-09B0-1A18-413B-26676FF1F797}.Release|Any CPU.Build.0 = Release|Any CPU
		{4DF1277D-2EB5-36CA-FF96-987AF23497A6}.Debug|Any CPU.ActiveCfg = Debug|Any CPU
		{4DF1277D-2EB5-36CA-FF96-987AF23497A6}.Debug|Any CPU.Build.0 = Debug|Any CPU
		{4DF1277D-2EB5-36CA-FF96-987AF23497A6}.Release|Any CPU.ActiveCfg = Release|Any CPU
		{4DF1277D-2EB5-36CA-FF96-987AF23497A6}.Release|Any CPU.Build.0 = Release|Any CPU
		{42CCFCF5-A8D9-4798-0A51-B9E9DE1B2D49}.Debug|Any CPU.ActiveCfg = Debug|Any CPU
		{42CCFCF5-A8D9-4798-0A51-B9E9DE1B2D49}.Debug|Any CPU.Build.0 = Debug|Any CPU
		{42CCFCF5-A8D9-4798-0A51-B9E9DE1B2D49}.Release|Any CPU.ActiveCfg = Release|Any CPU
		{42CCFCF5-A8D9-4798-0A51-B9E9DE1B2D49}.Release|Any CPU.Build.0 = Release|Any CPU
		{EFC6BDBE-DC0E-853C-C0D5-7209D2FD0660}.Debug|Any CPU.ActiveCfg = Debug|Any CPU
		{EFC6BDBE-DC0E-853C-C0D5-7209D2FD0660}.Debug|Any CPU.Build.0 = Debug|Any CPU
		{EFC6BDBE-DC0E-853C-C0D5-7209D2FD0660}.Release|Any CPU.ActiveCfg = Release|Any CPU
		{EFC6BDBE-DC0E-853C-C0D5-7209D2FD0660}.Release|Any CPU.Build.0 = Release|Any CPU
		{48C4FFE6-23DD-AC30-5F81-149CEECD1734}.Debug|Any CPU.ActiveCfg = Debug|Any CPU
		{48C4FFE6-23DD-AC30-5F81-149CEECD1734}.Debug|Any CPU.Build.0 = Debug|Any CPU
		{48C4FFE6-23DD-AC30-5F81-149CEECD1734}.Release|Any CPU.ActiveCfg = Release|Any CPU
		{48C4FFE6-23DD-AC30-5F81-149CEECD1734}.Release|Any CPU.Build.0 = Release|Any CPU
	EndGlobalSection
	GlobalSection(SolutionProperties) = preSolution
		HideSolutionNode = FALSE
	EndGlobalSection
EndGlobal
